// !$*UTF8*$!
{
	archiveVersion = 1;
	classes = {
	};
	objectVersion = 55;
	objects = {

/* Begin PBXBuildFile section */
		A1B0D83327C1646200F3749D /* AppDelegate.swift in Sources */ = {isa = PBXBuildFile; fileRef = A1B0D83227C1646200F3749D /* AppDelegate.swift */; };
		A1B0D83A27C1646200F3749D /* Main.storyboard in Resources */ = {isa = PBXBuildFile; fileRef = A1B0D83827C1646200F3749D /* Main.storyboard */; };
		A1B0D83C27C1646400F3749D /* Assets.xcassets in Resources */ = {isa = PBXBuildFile; fileRef = A1B0D83B27C1646400F3749D /* Assets.xcassets */; };
		A1B0D83F27C1646400F3749D /* LaunchScreen.storyboard in Resources */ = {isa = PBXBuildFile; fileRef = A1B0D83D27C1646400F3749D /* LaunchScreen.storyboard */; };
		A1B0D84727C165AF00F3749D /* ToDoViewController.swift in Sources */ = {isa = PBXBuildFile; fileRef = A1B0D84627C165AF00F3749D /* ToDoViewController.swift */; };
		A1B0D84B27C166AF00F3749D /* ToDoModel.swift in Sources */ = {isa = PBXBuildFile; fileRef = A1B0D84A27C166AF00F3749D /* ToDoModel.swift */; };
		A1B0D84E27C166D700F3749D /* ToDoPresenter.swift in Sources */ = {isa = PBXBuildFile; fileRef = A1B0D84D27C166D700F3749D /* ToDoPresenter.swift */; };
		A1B0D85027C1F9FA00F3749D /* TabBarViewController.swift in Sources */ = {isa = PBXBuildFile; fileRef = A1B0D84F27C1F9FA00F3749D /* TabBarViewController.swift */; };
		A1B0D85427C2398100F3749D /* AddTodoViewController.swift in Sources */ = {isa = PBXBuildFile; fileRef = A1B0D85327C2398100F3749D /* AddTodoViewController.swift */; };
/* End PBXBuildFile section */

/* Begin PBXFileReference section */
		A1B0D82F27C1646200F3749D /* ToDoApp_MVP.app */ = {isa = PBXFileReference; explicitFileType = wrapper.application; includeInIndex = 0; path = ToDoApp_MVP.app; sourceTree = BUILT_PRODUCTS_DIR; };
		A1B0D83227C1646200F3749D /* AppDelegate.swift */ = {isa = PBXFileReference; lastKnownFileType = sourcecode.swift; path = AppDelegate.swift; sourceTree = "<group>"; };
		A1B0D83927C1646200F3749D /* Base */ = {isa = PBXFileReference; lastKnownFileType = file.storyboard; name = Base; path = Base.lproj/Main.storyboard; sourceTree = "<group>"; };
		A1B0D83B27C1646400F3749D /* Assets.xcassets */ = {isa = PBXFileReference; lastKnownFileType = folder.assetcatalog; path = Assets.xcassets; sourceTree = "<group>"; };
		A1B0D83E27C1646400F3749D /* Base */ = {isa = PBXFileReference; lastKnownFileType = file.storyboard; name = Base; path = Base.lproj/LaunchScreen.storyboard; sourceTree = "<group>"; };
		A1B0D84027C1646400F3749D /* Info.plist */ = {isa = PBXFileReference; lastKnownFileType = text.plist.xml; path = Info.plist; sourceTree = "<group>"; };
		A1B0D84627C165AF00F3749D /* ToDoViewController.swift */ = {isa = PBXFileReference; lastKnownFileType = sourcecode.swift; path = ToDoViewController.swift; sourceTree = "<group>"; };
		A1B0D84A27C166AF00F3749D /* ToDoModel.swift */ = {isa = PBXFileReference; lastKnownFileType = sourcecode.swift; path = ToDoModel.swift; sourceTree = "<group>"; };
		A1B0D84D27C166D700F3749D /* ToDoPresenter.swift */ = {isa = PBXFileReference; lastKnownFileType = sourcecode.swift; path = ToDoPresenter.swift; sourceTree = "<group>"; };
		A1B0D84F27C1F9FA00F3749D /* TabBarViewController.swift */ = {isa = PBXFileReference; lastKnownFileType = sourcecode.swift; path = TabBarViewController.swift; sourceTree = "<group>"; };
		A1B0D85327C2398100F3749D /* AddTodoViewController.swift */ = {isa = PBXFileReference; lastKnownFileType = sourcecode.swift; path = AddTodoViewController.swift; sourceTree = "<group>"; };
/* End PBXFileReference section */

/* Begin PBXFrameworksBuildPhase section */
		A1B0D82C27C1646200F3749D /* Frameworks */ = {
			isa = PBXFrameworksBuildPhase;
			buildActionMask = 2147483647;
			files = (
			);
			runOnlyForDeploymentPostprocessing = 0;
		};
/* End PBXFrameworksBuildPhase section */

/* Begin PBXGroup section */
		A1B0D82627C1646200F3749D = {
			isa = PBXGroup;
			children = (
				A1B0D83127C1646200F3749D /* ToDoApp_MVP */,
				A1B0D83027C1646200F3749D /* Products */,
			);
			sourceTree = "<group>";
		};
		A1B0D83027C1646200F3749D /* Products */ = {
			isa = PBXGroup;
			children = (
				A1B0D82F27C1646200F3749D /* ToDoApp_MVP.app */,
			);
			name = Products;
			sourceTree = "<group>";
		};
		A1B0D83127C1646200F3749D /* ToDoApp_MVP */ = {
			isa = PBXGroup;
			children = (
				A1B0D84927C1668F00F3749D /* Model */,
				A1B0D84827C1667900F3749D /* View */,
				A1B0D84C27C166C700F3749D /* Presenter */,
				A1B0D83227C1646200F3749D /* AppDelegate.swift */,
				A1B0D83827C1646200F3749D /* Main.storyboard */,
				A1B0D83B27C1646400F3749D /* Assets.xcassets */,
				A1B0D83D27C1646400F3749D /* LaunchScreen.storyboard */,
				A1B0D84027C1646400F3749D /* Info.plist */,
				A1B0D84F27C1F9FA00F3749D /* TabBarViewController.swift */,
			);
			path = ToDoApp_MVP;
			sourceTree = "<group>";
		};
		A1B0D84827C1667900F3749D /* View */ = {
			isa = PBXGroup;
			children = (
				A1B0D84627C165AF00F3749D /* ToDoViewController.swift */,
				A1B0D85327C2398100F3749D /* AddTodoViewController.swift */,
			);
			path = View;
			sourceTree = "<group>";
		};
		A1B0D84927C1668F00F3749D /* Model */ = {
			isa = PBXGroup;
			children = (
				A1B0D84A27C166AF00F3749D /* ToDoModel.swift */,
			);
			path = Model;
			sourceTree = "<group>";
		};
		A1B0D84C27C166C700F3749D /* Presenter */ = {
			isa = PBXGroup;
			children = (
				A1B0D84D27C166D700F3749D /* ToDoPresenter.swift */,
			);
			path = Presenter;
			sourceTree = "<group>";
		};
/* End PBXGroup section */

/* Begin PBXNativeTarget section */
		A1B0D82E27C1646200F3749D /* ToDoApp_MVP */ = {
			isa = PBXNativeTarget;
			buildConfigurationList = A1B0D84327C1646400F3749D /* Build configuration list for PBXNativeTarget "ToDoApp_MVP" */;
			buildPhases = (
				A1B0D82B27C1646200F3749D /* Sources */,
				A1B0D82C27C1646200F3749D /* Frameworks */,
				A1B0D82D27C1646200F3749D /* Resources */,
			);
			buildRules = (
			);
			dependencies = (
			);
			name = ToDoApp_MVP;
			productName = ToDoApp_MVP;
			productReference = A1B0D82F27C1646200F3749D /* ToDoApp_MVP.app */;
			productType = "com.apple.product-type.application";
		};
/* End PBXNativeTarget section */

/* Begin PBXProject section */
		A1B0D82727C1646200F3749D /* Project object */ = {
			isa = PBXProject;
			attributes = {
				BuildIndependentTargetsInParallel = 1;
				LastSwiftUpdateCheck = 1320;
				LastUpgradeCheck = 1320;
				TargetAttributes = {
					A1B0D82E27C1646200F3749D = {
						CreatedOnToolsVersion = 13.2.1;
					};
				};
			};
			buildConfigurationList = A1B0D82A27C1646200F3749D /* Build configuration list for PBXProject "ToDoApp_MVP" */;
			compatibilityVersion = "Xcode 13.0";
			developmentRegion = en;
			hasScannedForEncodings = 0;
			knownRegions = (
				en,
				Base,
			);
			mainGroup = A1B0D82627C1646200F3749D;
			productRefGroup = A1B0D83027C1646200F3749D /* Products */;
			projectDirPath = "";
			projectRoot = "";
			targets = (
				A1B0D82E27C1646200F3749D /* ToDoApp_MVP */,
			);
		};
/* End PBXProject section */

/* Begin PBXResourcesBuildPhase section */
		A1B0D82D27C1646200F3749D /* Resources */ = {
			isa = PBXResourcesBuildPhase;
			buildActionMask = 2147483647;
			files = (
				A1B0D83F27C1646400F3749D /* LaunchScreen.storyboard in Resources */,
				A1B0D83C27C1646400F3749D /* Assets.xcassets in Resources */,
				A1B0D83A27C1646200F3749D /* Main.storyboard in Resources */,
			);
			runOnlyForDeploymentPostprocessing = 0;
		};
/* End PBXResourcesBuildPhase section */

/* Begin PBXSourcesBuildPhase section */
		A1B0D82B27C1646200F3749D /* Sources */ = {
			isa = PBXSourcesBuildPhase;
			buildActionMask = 2147483647;
			files = (
				A1B0D83327C1646200F3749D /* AppDelegate.swift in Sources */,
				A1B0D84E27C166D700F3749D /* ToDoPresenter.swift in Sources */,
				A1B0D84B27C166AF00F3749D /* ToDoModel.swift in Sources */,
				A1B0D84727C165AF00F3749D /* ToDoViewController.swift in Sources */,
				A1B0D85427C2398100F3749D /* AddTodoViewController.swift in Sources */,
				A1B0D85027C1F9FA00F3749D /* TabBarViewController.swift in Sources */,
			);
			runOnlyForDeploymentPostprocessing = 0;
		};
/* End PBXSourcesBuildPhase section */

/* Begin PBXVariantGroup section */
		A1B0D83827C1646200F3749D /* Main.storyboard */ = {
			isa = PBXVariantGroup;
			children = (
				A1B0D83927C1646200F3749D /* Base */,
			);
			name = Main.storyboard;
			sourceTree = "<group>";
		};
		A1B0D83D27C1646400F3749D /* LaunchScreen.storyboard */ = {
			isa = PBXVariantGroup;
			children = (
				A1B0D83E27C1646400F3749D /* Base */,
			);
			name = LaunchScreen.storyboard;
			sourceTree = "<group>";
		};
/* End PBXVariantGroup section */

/* Begin XCBuildConfiguration section */
		A1B0D84127C1646400F3749D /* Debug */ = {
			isa = XCBuildConfiguration;
			buildSettings = {
				ALWAYS_SEARCH_USER_PATHS = NO;
				CLANG_ANALYZER_NONNULL = YES;
				CLANG_ANALYZER_NUMBER_OBJECT_CONVERSION = YES_AGGRESSIVE;
				CLANG_CXX_LANGUAGE_STANDARD = "gnu++17";
				CLANG_CXX_LIBRARY = "libc++";
				CLANG_ENABLE_MODULES = YES;
				CLANG_ENABLE_OBJC_ARC = YES;
				CLANG_ENABLE_OBJC_WEAK = YES;
				CLANG_WARN_BLOCK_CAPTURE_AUTORELEASING = YES;
				CLANG_WARN_BOOL_CONVERSION = YES;
				CLANG_WARN_COMMA = YES;
				CLANG_WARN_CONSTANT_CONVERSION = YES;
				CLANG_WARN_DEPRECATED_OBJC_IMPLEMENTATIONS = YES;
				CLANG_WARN_DIRECT_OBJC_ISA_USAGE = YES_ERROR;
				CLANG_WARN_DOCUMENTATION_COMMENTS = YES;
				CLANG_WARN_EMPTY_BODY = YES;
				CLANG_WARN_ENUM_CONVERSION = YES;
				CLANG_WARN_INFINITE_RECURSION = YES;
				CLANG_WARN_INT_CONVERSION = YES;
				CLANG_WARN_NON_LITERAL_NULL_CONVERSION = YES;
				CLANG_WARN_OBJC_IMPLICIT_RETAIN_SELF = YES;
				CLANG_WARN_OBJC_LITERAL_CONVERSION = YES;
				CLANG_WARN_OBJC_ROOT_CLASS = YES_ERROR;
				CLANG_WARN_QUOTED_INCLUDE_IN_FRAMEWORK_HEADER = YES;
				CLANG_WARN_RANGE_LOOP_ANALYSIS = YES;
				CLANG_WARN_STRICT_PROTOTYPES = YES;
				CLANG_WARN_SUSPICIOUS_MOVE = YES;
				CLANG_WARN_UNGUARDED_AVAILABILITY = YES_AGGRESSIVE;
				CLANG_WARN_UNREACHABLE_CODE = YES;
				CLANG_WARN__DUPLICATE_METHOD_MATCH = YES;
				COPY_PHASE_STRIP = NO;
				DEBUG_INFORMATION_FORMAT = dwarf;
				ENABLE_STRICT_OBJC_MSGSEND = YES;
				ENABLE_TESTABILITY = YES;
				GCC_C_LANGUAGE_STANDARD = gnu11;
				GCC_DYNAMIC_NO_PIC = NO;
				GCC_NO_COMMON_BLOCKS = YES;
				GCC_OPTIMIZATION_LEVEL = 0;
				GCC_PREPROCESSOR_DEFINITIONS = (
					"DEBUG=1",
					"$(inherited)",
				);
				GCC_WARN_64_TO_32_BIT_CONVERSION = YES;
				GCC_WARN_ABOUT_RETURN_TYPE = YES_ERROR;
				GCC_WARN_UNDECLARED_SELECTOR = YES;
				GCC_WARN_UNINITIALIZED_AUTOS = YES_AGGRESSIVE;
				GCC_WARN_UNUSED_FUNCTION = YES;
				GCC_WARN_UNUSED_VARIABLE = YES;
				IPHONEOS_DEPLOYMENT_TARGET = 15.2;
				MTL_ENABLE_DEBUG_INFO = INCLUDE_SOURCE;
				MTL_FAST_MATH = YES;
				ONLY_ACTIVE_ARCH = YES;
				SDKROOT = iphoneos;
				SWIFT_ACTIVE_COMPILATION_CONDITIONS = DEBUG;
				SWIFT_OPTIMIZATION_LEVEL = "-Onone";
			};
			name = Debug;
		};
		A1B0D84227C1646400F3749D /* Release */ = {
			isa = XCBuildConfiguration;
			buildSettings = {
				ALWAYS_SEARCH_USER_PATHS = NO;
				CLANG_ANALYZER_NONNULL = YES;
				CLANG_ANALYZER_NUMBER_OBJECT_CONVERSION = YES_AGGRESSIVE;
				CLANG_CXX_LANGUAGE_STANDARD = "gnu++17";
				CLANG_CXX_LIBRARY = "libc++";
				CLANG_ENABLE_MODULES = YES;
				CLANG_ENABLE_OBJC_ARC = YES;
				CLANG_ENABLE_OBJC_WEAK = YES;
				CLANG_WARN_BLOCK_CAPTURE_AUTORELEASING = YES;
				CLANG_WARN_BOOL_CONVERSION = YES;
				CLANG_WARN_COMMA = YES;
				CLANG_WARN_CONSTANT_CONVERSION = YES;
				CLANG_WARN_DEPRECATED_OBJC_IMPLEMENTATIONS = YES;
				CLANG_WARN_DIRECT_OBJC_ISA_USAGE = YES_ERROR;
				CLANG_WARN_DOCUMENTATION_COMMENTS = YES;
				CLANG_WARN_EMPTY_BODY = YES;
				CLANG_WARN_ENUM_CONVERSION = YES;
				CLANG_WARN_INFINITE_RECURSION = YES;
				CLANG_WARN_INT_CONVERSION = YES;
				CLANG_WARN_NON_LITERAL_NULL_CONVERSION = YES;
				CLANG_WARN_OBJC_IMPLICIT_RETAIN_SELF = YES;
				CLANG_WARN_OBJC_LITERAL_CONVERSION = YES;
				CLANG_WARN_OBJC_ROOT_CLASS = YES_ERROR;
				CLANG_WARN_QUOTED_INCLUDE_IN_FRAMEWORK_HEADER = YES;
				CLANG_WARN_RANGE_LOOP_ANALYSIS = YES;
				CLANG_WARN_STRICT_PROTOTYPES = YES;
				CLANG_WARN_SUSPICIOUS_MOVE = YES;
				CLANG_WARN_UNGUARDED_AVAILABILITY = YES_AGGRESSIVE;
				CLANG_WARN_UNREACHABLE_CODE = YES;
				CLANG_WARN__DUPLICATE_METHOD_MATCH = YES;
				COPY_PHASE_STRIP = NO;
				DEBUG_INFORMATION_FORMAT = "dwarf-with-dsym";
				ENABLE_NS_ASSERTIONS = NO;
				ENABLE_STRICT_OBJC_MSGSEND = YES;
				GCC_C_LANGUAGE_STANDARD = gnu11;
				GCC_NO_COMMON_BLOCKS = YES;
				GCC_WARN_64_TO_32_BIT_CONVERSION = YES;
				GCC_WARN_ABOUT_RETURN_TYPE = YES_ERROR;
				GCC_WARN_UNDECLARED_SELECTOR = YES;
				GCC_WARN_UNINITIALIZED_AUTOS = YES_AGGRESSIVE;
				GCC_WARN_UNUSED_FUNCTION = YES;
				GCC_WARN_UNUSED_VARIABLE = YES;
				IPHONEOS_DEPLOYMENT_TARGET = 15.2;
				MTL_ENABLE_DEBUG_INFO = NO;
				MTL_FAST_MATH = YES;
				SDKROOT = iphoneos;
				SWIFT_COMPILATION_MODE = wholemodule;
				SWIFT_OPTIMIZATION_LEVEL = "-O";
				VALIDATE_PRODUCT = YES;
			};
			name = Release;
		};
		A1B0D84427C1646400F3749D /* Debug */ = {
			isa = XCBuildConfiguration;
			buildSettings = {
				ASSETCATALOG_COMPILER_APPICON_NAME = AppIcon;
				ASSETCATALOG_COMPILER_GLOBAL_ACCENT_COLOR_NAME = AccentColor;
				CODE_SIGN_STYLE = Automatic;
				CURRENT_PROJECT_VERSION = 1;
				DEVELOPMENT_TEAM = 743J7J89D4;
				GENERATE_INFOPLIST_FILE = YES;
				INFOPLIST_FILE = ToDoApp_MVP/Info.plist;
				INFOPLIST_KEY_UIApplicationSupportsIndirectInputEvents = YES;
				INFOPLIST_KEY_UILaunchStoryboardName = LaunchScreen;
				INFOPLIST_KEY_UIMainStoryboardFile = Main;
				INFOPLIST_KEY_UISupportedInterfaceOrientations_iPad = "UIInterfaceOrientationPortrait UIInterfaceOrientationPortraitUpsideDown UIInterfaceOrientationLandscapeLeft UIInterfaceOrientationLandscapeRight";
				INFOPLIST_KEY_UISupportedInterfaceOrientations_iPhone = "UIInterfaceOrientationPortrait UIInterfaceOrientationLandscapeLeft UIInterfaceOrientationLandscapeRight";
				IPHONEOS_DEPLOYMENT_TARGET = 15.2;
				LD_RUNPATH_SEARCH_PATHS = (
					"$(inherited)",
					"@executable_path/Frameworks",
				);
				MARKETING_VERSION = 1.0;
				PRODUCT_BUNDLE_IDENTIFIER = "com.litech.ToDoApp-MVP";
				PRODUCT_NAME = "$(TARGET_NAME)";
				SWIFT_EMIT_LOC_STRINGS = YES;
				SWIFT_VERSION = 5.0;
				TARGETED_DEVICE_FAMILY = "1,2";
			};
			name = Debug;
		};
		A1B0D84527C1646400F3749D /* Release */ = {
			isa = XCBuildConfiguration;
			buildSettings = {
				ASSETCATALOG_COMPILER_APPICON_NAME = AppIcon;
				ASSETCATALOG_COMPILER_GLOBAL_ACCENT_COLOR_NAME = AccentColor;
				CODE_SIGN_STYLE = Automatic;
				CURRENT_PROJECT_VERSION = 1;
				DEVELOPMENT_TEAM = 743J7J89D4;
				GENERATE_INFOPLIST_FILE = YES;
				INFOPLIST_FILE = ToDoApp_MVP/Info.plist;
				INFOPLIST_KEY_UIApplicationSupportsIndirectInputEvents = YES;
				INFOPLIST_KEY_UILaunchStoryboardName = LaunchScreen;
				INFOPLIST_KEY_UIMainStoryboardFile = Main;
				INFOPLIST_KEY_UISupportedInterfaceOrientations_iPad = "UIInterfaceOrientationPortrait UIInterfaceOrientationPortraitUpsideDown UIInterfaceOrientationLandscapeLeft UIInterfaceOrientationLandscapeRight";
				INFOPLIST_KEY_UISupportedInterfaceOrientations_iPhone = "UIInterfaceOrientationPortrait UIInterfaceOrientationLandscapeLeft UIInterfaceOrientationLandscapeRight";
				IPHONEOS_DEPLOYMENT_TARGET = 15.2;
				LD_RUNPATH_SEARCH_PATHS = (
					"$(inherited)",
					"@executable_path/Frameworks",
				);
				MARKETING_VERSION = 1.0;
				PRODUCT_BUNDLE_IDENTIFIER = "com.litech.ToDoApp-MVP";
				PRODUCT_NAME = "$(TARGET_NAME)";
				SWIFT_EMIT_LOC_STRINGS = YES;
				SWIFT_VERSION = 5.0;
				TARGETED_DEVICE_FAMILY = "1,2";
			};
			name = Release;
		};
/* End XCBuildConfiguration section */

/* Begin XCConfigurationList section */
		A1B0D82A27C1646200F3749D /* Build configuration list for PBXProject "ToDoApp_MVP" */ = {
			isa = XCConfigurationList;
			buildConfigurations = (
				A1B0D84127C1646400F3749D /* Debug */,
				A1B0D84227C1646400F3749D /* Release */,
			);
			defaultConfigurationIsVisible = 0;
			defaultConfigurationName = Release;
		};
		A1B0D84327C1646400F3749D /* Build configuration list for PBXNativeTarget "ToDoApp_MVP" */ = {
			isa = XCConfigurationList;
			buildConfigurations = (
				A1B0D84427C1646400F3749D /* Debug */,
				A1B0D84527C1646400F3749D /* Release */,
			);
			defaultConfigurationIsVisible = 0;
			defaultConfigurationName = Release;
		};
/* End XCConfigurationList section */
	};
	rootObject = A1B0D82727C1646200F3749D /* Project object */;
}
